
Microsoft Visual Studio Solution File, Format Version 12.00
# Visual Studio 15
VisualStudioVersion = 15.0.28307.271
MinimumVisualStudioVersion = 10.0.40219.1
Project("{FAE04EC0-301F-11D3-BF4B-00C04F79EFBC}") = "ConsoleApp", "CSharp\ConsoleApp.csproj", "{BC563F6F-F3F4-4DE1-B376-08466BEDA823}"
EndProject
Project("{9092AA53-FB77-4645-B42D-1CCCA6BD08BD}") = "NodejsConsoleApp", "NodejsConsoleApp\NodejsConsoleApp.njsproj", "{2E64EF53-2918-494B-B15A-064BD9CEE0E0}"
EndProject
Global
	GlobalSection(SolutionConfigurationPlatforms) = preSolution
		Debug|Any CPU = Debug|Any CPU
		Release|Any CPU = Release|Any CPU
	EndGlobalSection
	GlobalSection(ProjectConfigurationPlatforms) = postSolution
		{BC563F6F-F3F4-4DE1-B376-08466BEDA823}.Debug|Any CPU.ActiveCfg = Debug|Any CPU
		{BC563F6F-F3F4-4DE1-B376-08466BEDA823}.Debug|Any CPU.Build.0 = Debug|Any CPU
		{BC563F6F-F3F4-4DE1-B376-08466BEDA823}.Release|Any CPU.ActiveCfg = Release|Any CPU
		{BC563F6F-F3F4-4DE1-B376-08466BEDA823}.Release|Any CPU.Build.0 = Release|Any CPU
		{2E64EF53-2918-494B-B15A-064BD9CEE0E0}.Debug|Any CPU.ActiveCfg = Debug|Any CPU
		{2E64EF53-2918-494B-B15A-064BD9CEE0E0}.Debug|Any CPU.Build.0 = Debug|Any CPU
		{2E64EF53-2918-494B-B15A-064BD9CEE0E0}.Release|Any CPU.ActiveCfg = Release|Any CPU
		{2E64EF53-2918-494B-B15A-064BD9CEE0E0}.Release|Any CPU.Build.0 = Release|Any CPU
	EndGlobalSection
	GlobalSection(SolutionProperties) = preSolution
		HideSolutionNode = FALSE
	EndGlobalSection
	GlobalSection(ExtensibilityGlobals) = postSolution
		SolutionGuid = {7A72C775-9A83-452D-A484-A405268A19F8}
	EndGlobalSection
EndGlobal
